
Microsoft Visual Studio Solution File, Format Version 12.00
# Visual Studio Version 17
VisualStudioVersion = 17.6.33815.320
MinimumVisualStudioVersion = 10.0.40219.1
Project("{FAE04EC0-301F-11D3-BF4B-00C04F79EFBC}") = "ApiFuncional", "ApiFuncional.csproj", "{67AF1B75-64B1-41A0-A8BB-979B1993B082}"
EndProject
Global
	GlobalSection(SolutionConfigurationPlatforms) = preSolution
		Debug|Any CPU = Debug|Any CPU
		Release|Any CPU = Release|Any CPU
	EndGlobalSection
	GlobalSection(ProjectConfigurationPlatforms) = postSolution
		{67AF1B75-64B1-41A0-A8BB-979B1993B082}.Debug|Any CPU.ActiveCfg = Debug|Any CPU
		{67AF1B75-64B1-41A0-A8BB-979B1993B082}.Debug|Any CPU.Build.0 = Debug|Any CPU
		{67AF1B75-64B1-41A0-A8BB-979B1993B082}.Release|Any CPU.ActiveCfg = Release|Any CPU
		{67AF1B75-64B1-41A0-A8BB-979B1993B082}.Release|Any CPU.Build.0 = Release|Any CPU
	EndGlobalSection
	GlobalSection(SolutionProperties) = preSolution
		HideSolutionNode = FALSE
	EndGlobalSection
	GlobalSection(ExtensibilityGlobals) = postSolution
		SolutionGuid = {F704BF16-C686-4822-AF24-C77AF40E05D3}
	EndGlobalSection
EndGlobal
